{
    "_readme": [
        "This file locks the dependencies of your project to a known state",
        "Read more about it at https://getcomposer.org/doc/01-basic-usage.md#composer-lock-the-lock-file",
        "This file is @generated automatically"
    ],
    "content-hash": "8d58d532d0594f3f98ea6fb3c5e01e82",
    "packages": [
        {
            "name": "container-interop/container-interop",
            "version": "1.2.0",
            "source": {
                "type": "git",
                "url": "https://github.com/container-interop/container-interop.git",
                "reference": "79cbf1341c22ec75643d841642dd5d6acd83bdb8"
            },
            "dist": {
                "type": "zip",
                "url": "https://api.github.com/repos/container-interop/container-interop/zipball/79cbf1341c22ec75643d841642dd5d6acd83bdb8",
                "reference": "79cbf1341c22ec75643d841642dd5d6acd83bdb8",
                "shasum": ""
            },
            "require": {
                "psr/container": "^1.0"
            },
            "type": "library",
            "autoload": {
                "psr-4": {
                    "Interop\\Container\\": "src/Interop/Container/"
                }
            },
            "notification-url": "https://packagist.org/downloads/",
            "license": [
                "MIT"
            ],
            "description": "Promoting the interoperability of container objects (DIC, SL, etc.)",
            "homepage": "https://github.com/container-interop/container-interop",
            "time": "2017-02-14T19:40:03+00:00"
        },
        {
            "name": "dominionenterprises/filter",
            "version": "v2.0.1",
            "source": {
                "type": "git",
                "url": "https://github.com/traderinteractive/filter-php.git",
                "reference": "88745a8385b0293460a8d0fc8db8a51e5a7d3b31"
            },
            "dist": {
                "type": "zip",
                "url": "https://api.github.com/repos/traderinteractive/filter-php/zipball/88745a8385b0293460a8d0fc8db8a51e5a7d3b31",
                "reference": "88745a8385b0293460a8d0fc8db8a51e5a7d3b31",
                "shasum": ""
            },
            "require": {
                "php": "~5.6 || ~7.0"
            },
            "require-dev": {
                "phpunit/phpunit": "~5.0",
                "satooshi/php-coveralls": "~0.6.1",
                "squizlabs/php_codesniffer": "~2.0"
            },
            "suggest": {
                "ext-timezonedb": "The latest version of the timezone database"
            },
            "type": "library",
            "autoload": {
                "psr-4": {
                    "DominionEnterprises\\": "src/"
                }
            },
            "notification-url": "https://packagist.org/downloads/",
            "license": [
                "MIT"
            ],
            "authors": [
                {
                    "name": "Spencer Rinehart",
                    "email": "anubis@overthemonkey.com",
                    "role": "Developer"
                },
                {
                    "name": "Jonathan Gaillard",
                    "email": "jonathan.gaillard@dominionenterprises.com",
                    "role": "Developer"
                },
                {
                    "name": "Chad Gray",
                    "email": "chadwickgray@gmail.com",
                    "role": "Developer"
                }
            ],
            "description": "A filtering implementation for verifying correct data and performing typical modifications to data",
            "keywords": [
                "utility"
            ],
            "abandoned": "traderinteractive/filter",
            "time": "2016-08-23T00:40:18+00:00"
        },
        {
            "name": "dominionenterprises/util",
            "version": "v2.0.0",
            "source": {
                "type": "git",
                "url": "https://github.com/traderinteractive/util-php.git",
                "reference": "8e7c3c5182fbf0bd8eb25c8ef5a799b5346b98fb"
            },
            "dist": {
                "type": "zip",
                "url": "https://api.github.com/repos/traderinteractive/util-php/zipball/8e7c3c5182fbf0bd8eb25c8ef5a799b5346b98fb",
                "reference": "8e7c3c5182fbf0bd8eb25c8ef5a799b5346b98fb",
                "shasum": ""
            },
            "require": {
                "dominionenterprises/util-arrays": "~2.0",
                "dominionenterprises/util-file": "~2.0",
                "dominionenterprises/util-http": "~2.0",
                "dominionenterprises/util-string": "~2.0",
                "dominionenterprises/util-time": "~2.0",
                "php": "~5.6 || ~7.0"
            },
            "require-dev": {
                "phpunit/phpunit": "~5.0",
                "satooshi/php-coveralls": "~0.6.1",
                "squizlabs/php_codesniffer": "~2.0"
            },
            "type": "library",
            "autoload": {
                "psr-4": {
                    "DominionEnterprises\\": "src"
                }
            },
            "notification-url": "https://packagist.org/downloads/",
            "license": [
                "MIT"
            ],
            "authors": [
                {
                    "name": "Spencer Rinehart",
                    "email": "anubis@overthemonkey.com",
                    "role": "Developer"
                },
                {
                    "name": "Jonathan Gaillard",
                    "email": "jonathan.gaillard@dominionenterprises.com",
                    "role": "Developer"
                },
                {
                    "name": "Chad Gray",
                    "email": "chadwickgray@gmail.com",
                    "role": "Developer"
                }
            ],
            "description": "A collection of utility classes",
            "keywords": [
                "utility"
            ],
            "abandoned": "traderinteractive/util",
            "time": "2016-05-25T13:56:27+00:00"
        },
        {
            "name": "dominionenterprises/util-arrays",
            "version": "v2.2.0",
            "source": {
                "type": "git",
                "url": "https://github.com/dominionenterprises/util-arrays-php.git",
                "reference": "ce227e0385807395659c11daa754e284b1331bfb"
            },
            "dist": {
                "type": "zip",
                "url": "https://api.github.com/repos/dominionenterprises/util-arrays-php/zipball/ce227e0385807395659c11daa754e284b1331bfb",
                "reference": "ce227e0385807395659c11daa754e284b1331bfb",
                "shasum": ""
            },
            "require": {
                "php": "~5.6 || ~7.0"
            },
            "require-dev": {
                "phpunit/phpunit": "~5.0",
                "satooshi/php-coveralls": "~0.6.1",
                "squizlabs/php_codesniffer": "~2.0"
            },
            "type": "library",
            "autoload": {
                "psr-4": {
                    "DominionEnterprises\\Util\\": "src"
                }
            },
            "notification-url": "https://packagist.org/downloads/",
            "license": [
                "MIT"
            ],
            "authors": [
                {
                    "name": "Spencer Rinehart",
                    "email": "anubis@overthemonkey.com",
                    "role": "Developer"
                },
                {
                    "name": "Jonathan Gaillard",
                    "email": "jonathan.gaillard@dominionenterprises.com",
                    "role": "Developer"
                },
                {
                    "name": "Chad Gray",
                    "email": "chadwickgray@gmail.com",
                    "role": "Developer"
                }
            ],
            "description": "A collection of array utilities.",
            "keywords": [
                "array",
                "utility"
            ],
            "abandoned": "traderinteractive/util-arrays",
            "time": "2017-08-08T13:15:09+00:00"
        },
        {
            "name": "dominionenterprises/util-file",
            "version": "v2.0.1",
            "source": {
                "type": "git",
                "url": "https://github.com/dominionenterprises/util-file-php.git",
                "reference": "166c9aa6c7bdd38b727dd541427ef5c7a68d2eff"
            },
            "dist": {
                "type": "zip",
                "url": "https://api.github.com/repos/dominionenterprises/util-file-php/zipball/166c9aa6c7bdd38b727dd541427ef5c7a68d2eff",
                "reference": "166c9aa6c7bdd38b727dd541427ef5c7a68d2eff",
                "shasum": ""
            },
            "require": {
                "php": "~5.6 || ~7.0"
            },
            "require-dev": {
                "phpunit/phpunit": "~5.0",
                "satooshi/php-coveralls": "~0.6.1",
                "squizlabs/php_codesniffer": "~2.0"
            },
            "type": "library",
            "autoload": {
                "psr-4": {
                    "DominionEnterprises\\Util\\": "src"
                }
            },
            "notification-url": "https://packagist.org/downloads/",
            "license": [
                "MIT"
            ],
            "authors": [
                {
                    "name": "Spencer Rinehart",
                    "email": "anubis@overthemonkey.com",
                    "role": "Developer"
                },
                {
                    "name": "Jonathan Gaillard",
                    "email": "jonathan.gaillard@dominionenterprises.com",
                    "role": "Developer"
                },
                {
                    "name": "Chad Gray",
                    "email": "chadwickgray@gmail.com",
                    "role": "Developer"
                }
            ],
            "description": "A collection of file utility classes",
            "keywords": [
                "directory",
                "file",
                "utility"
            ],
            "abandoned": "traderinteractive/util-file",
            "time": "2017-02-21T14:56:23+00:00"
        },
        {
            "name": "dominionenterprises/util-http",
            "version": "v2.0.0",
            "source": {
                "type": "git",
                "url": "https://github.com/traderinteractive/util-http-php.git",
                "reference": "a2233b80a89886029448ea1d2f281f3da98aad1a"
            },
            "dist": {
                "type": "zip",
                "url": "https://api.github.com/repos/traderinteractive/util-http-php/zipball/a2233b80a89886029448ea1d2f281f3da98aad1a",
                "reference": "a2233b80a89886029448ea1d2f281f3da98aad1a",
                "shasum": ""
            },
            "require": {
                "php": "~5.6 || ~7.0"
            },
            "require-dev": {
                "phpunit/phpunit": "~5.0",
                "satooshi/php-coveralls": "~0.6.1",
                "squizlabs/php_codesniffer": "~2.0"
            },
            "type": "library",
            "autoload": {
                "psr-4": {
                    "DominionEnterprises\\": "src"
                }
            },
            "notification-url": "https://packagist.org/downloads/",
            "license": [
                "MIT"
            ],
            "authors": [
                {
                    "name": "Spencer Rinehart",
                    "email": "anubis@overthemonkey.com",
                    "role": "Developer"
                },
                {
                    "name": "Jonathan Gaillard",
                    "email": "jonathan.gaillard@dominionenterprises.com",
                    "role": "Developer"
                },
                {
                    "name": "Chad Gray",
                    "email": "chadwickgray@gmail.com",
                    "role": "Developer"
                }
            ],
            "description": "A collection of http classes.",
            "keywords": [
                "http",
                "utility"
            ],
            "abandoned": "traderinteractive/util-http",
            "time": "2016-05-24T18:17:20+00:00"
        },
        {
            "name": "dominionenterprises/util-string",
            "version": "v2.0.0",
            "source": {
                "type": "git",
                "url": "https://github.com/dominionenterprises/util-string-php.git",
                "reference": "773216c837873c8b2b4b4a02282426e257b7eaec"
            },
            "dist": {
                "type": "zip",
                "url": "https://api.github.com/repos/dominionenterprises/util-string-php/zipball/773216c837873c8b2b4b4a02282426e257b7eaec",
                "reference": "773216c837873c8b2b4b4a02282426e257b7eaec",
                "shasum": ""
            },
            "require": {
                "php": "~5.6 || ~7.0"
            },
            "require-dev": {
                "phpunit/phpunit": "~5.0",
                "satooshi/php-coveralls": "~0.6.1",
                "squizlabs/php_codesniffer": "~2.0"
            },
            "type": "library",
            "autoload": {
                "psr-4": {
                    "DominionEnterprises\\Util\\": "src"
                }
            },
            "notification-url": "https://packagist.org/downloads/",
            "license": [
                "MIT"
            ],
            "authors": [
                {
                    "name": "Spencer Rinehart",
                    "email": "anubis@overthemonkey.com",
                    "role": "Developer"
                },
                {
                    "name": "Jonathan Gaillard",
                    "email": "jonathan.gaillard@dominionenterprises.com",
                    "role": "Developer"
                },
                {
                    "name": "Chad Gray",
                    "email": "chadwickgray@gmail.com",
                    "role": "Developer"
                }
            ],
            "description": "Utility classes to work with PHP strings",
            "keywords": [
                "string",
                "utility"
            ],
            "abandoned": "traderinteractive/util-string",
            "time": "2016-05-24T18:00:00+00:00"
        },
        {
            "name": "dominionenterprises/util-time",
            "version": "v2.0.0",
            "source": {
                "type": "git",
                "url": "https://github.com/traderinteractive/util-time-php.git",
                "reference": "177cbbbc693b0453036e649b9c0e74bd09d34622"
            },
            "dist": {
                "type": "zip",
                "url": "https://api.github.com/repos/traderinteractive/util-time-php/zipball/177cbbbc693b0453036e649b9c0e74bd09d34622",
                "reference": "177cbbbc693b0453036e649b9c0e74bd09d34622",
                "shasum": ""
            },
            "require": {
                "php": "~5.6 || ~7.0"
            },
            "require-dev": {
                "phpunit/phpunit": "~5.0",
                "satooshi/php-coveralls": "~0.6.1",
                "squizlabs/php_codesniffer": "~2.0"
            },
            "type": "library",
            "autoload": {
                "psr-4": {
                    "DominionEnterprises\\Util\\": "src"
                }
            },
            "notification-url": "https://packagist.org/downloads/",
            "license": [
                "MIT"
            ],
            "authors": [
                {
                    "name": "Spencer Rinehart",
                    "email": "anubis@overthemonkey.com",
                    "role": "Developer"
                },
                {
                    "name": "Jonathan Gaillard",
                    "email": "jonathan.gaillard@dominionenterprises.com",
                    "role": "Developer"
                },
                {
                    "name": "Chad Gray",
                    "email": "chadwickgray@gmail.com",
                    "role": "Developer"
                }
            ],
            "description": "A collection of utility classes for working with times",
            "keywords": [
                "time",
                "utility"
            ],
            "abandoned": "traderinteractive/util-time",
            "time": "2016-05-24T19:04:00+00:00"
        },
        {
            "name": "mongodb/mongodb",
            "version": "1.0.4",
            "source": {
                "type": "git",
                "url": "https://github.com/mongodb/mongo-php-library.git",
                "reference": "302de20d8302183e1c70b335d81798cec5bcebd4"
            },
            "dist": {
                "type": "zip",
                "url": "https://api.github.com/repos/mongodb/mongo-php-library/zipball/302de20d8302183e1c70b335d81798cec5bcebd4",
                "reference": "302de20d8302183e1c70b335d81798cec5bcebd4",
                "shasum": ""
            },
            "require": {
                "ext-mongodb": "^1.1.0",
                "php": ">=5.4"
            },
            "type": "library",
            "autoload": {
                "psr-4": {
                    "MongoDB\\": "src/"
                },
                "files": [
                    "src/functions.php"
                ]
            },
            "notification-url": "https://packagist.org/downloads/",
            "license": [
                "Apache-2.0"
            ],
            "authors": [
                {
                    "name": "Jeremy Mikola",
                    "email": "jmikola@gmail.com"
                },
                {
                    "name": "Hannes Magnusson",
                    "email": "bjori@mongodb.com"
                },
                {
                    "name": "Derick Rethans",
                    "email": "github@derickrethans.nl"
                }
            ],
            "description": "MongoDB driver library",
            "homepage": "https://jira.mongodb.org/browse/PHPLIB",
            "keywords": [
                "database",
                "driver",
                "mongodb",
                "persistence"
            ],
            "time": "2016-12-05T20:02:14+00:00"
        },
        {
            "name": "nikic/fast-route",
            "version": "v1.3.0",
            "source": {
                "type": "git",
                "url": "https://github.com/nikic/FastRoute.git",
                "reference": "181d480e08d9476e61381e04a71b34dc0432e812"
            },
            "dist": {
                "type": "zip",
                "url": "https://api.github.com/repos/nikic/FastRoute/zipball/181d480e08d9476e61381e04a71b34dc0432e812",
                "reference": "181d480e08d9476e61381e04a71b34dc0432e812",
                "shasum": ""
            },
            "require": {
                "php": ">=5.4.0"
            },
            "require-dev": {
                "phpunit/phpunit": "^4.8.35|~5.7"
            },
            "type": "library",
            "autoload": {
                "psr-4": {
                    "FastRoute\\": "src/"
                },
                "files": [
                    "src/functions.php"
                ]
            },
            "notification-url": "https://packagist.org/downloads/",
            "license": [
                "BSD-3-Clause"
            ],
            "authors": [
                {
                    "name": "Nikita Popov",
                    "email": "nikic@php.net"
                }
            ],
            "description": "Fast request router for PHP",
            "keywords": [
                "router",
                "routing"
            ],
            "time": "2018-02-13T20:26:39+00:00"
        },
        {
            "name": "pimple/pimple",
            "version": "v3.2.3",
            "source": {
                "type": "git",
                "url": "https://github.com/silexphp/Pimple.git",
                "reference": "9e403941ef9d65d20cba7d54e29fe906db42cf32"
            },
            "dist": {
                "type": "zip",
                "url": "https://api.github.com/repos/silexphp/Pimple/zipball/9e403941ef9d65d20cba7d54e29fe906db42cf32",
                "reference": "9e403941ef9d65d20cba7d54e29fe906db42cf32",
                "shasum": ""
            },
            "require": {
                "php": ">=5.3.0",
                "psr/container": "^1.0"
            },
            "require-dev": {
                "symfony/phpunit-bridge": "^3.2"
            },
            "type": "library",
            "extra": {
                "branch-alias": {
                    "dev-master": "3.2.x-dev"
                }
            },
            "autoload": {
                "psr-0": {
                    "Pimple": "src/"
                }
            },
            "notification-url": "https://packagist.org/downloads/",
            "license": [
                "MIT"
            ],
            "authors": [
                {
                    "name": "Fabien Potencier",
                    "email": "fabien@symfony.com"
                }
            ],
            "description": "Pimple, a simple Dependency Injection Container",
            "homepage": "http://pimple.sensiolabs.org",
            "keywords": [
                "container",
                "dependency injection"
            ],
            "time": "2018-01-21T07:42:36+00:00"
        },
        {
            "name": "psr/container",
            "version": "1.0.0",
            "source": {
                "type": "git",
                "url": "https://github.com/php-fig/container.git",
                "reference": "b7ce3b176482dbbc1245ebf52b181af44c2cf55f"
            },
            "dist": {
                "type": "zip",
                "url": "https://api.github.com/repos/php-fig/container/zipball/b7ce3b176482dbbc1245ebf52b181af44c2cf55f",
                "reference": "b7ce3b176482dbbc1245ebf52b181af44c2cf55f",
                "shasum": ""
            },
            "require": {
                "php": ">=5.3.0"
            },
            "type": "library",
            "extra": {
                "branch-alias": {
                    "dev-master": "1.0.x-dev"
                }
            },
            "autoload": {
                "psr-4": {
                    "Psr\\Container\\": "src/"
                }
            },
            "notification-url": "https://packagist.org/downloads/",
            "license": [
                "MIT"
            ],
            "authors": [
                {
                    "name": "PHP-FIG",
                    "homepage": "http://www.php-fig.org/"
                }
            ],
            "description": "Common Container Interface (PHP FIG PSR-11)",
            "homepage": "https://github.com/php-fig/container",
            "keywords": [
                "PSR-11",
                "container",
                "container-interface",
                "container-interop",
                "psr"
            ],
            "time": "2017-02-14T16:28:37+00:00"
        },
        {
            "name": "psr/http-message",
            "version": "1.0.1",
            "source": {
                "type": "git",
                "url": "https://github.com/php-fig/http-message.git",
                "reference": "f6561bf28d520154e4b0ec72be95418abe6d9363"
            },
            "dist": {
                "type": "zip",
                "url": "https://api.github.com/repos/php-fig/http-message/zipball/f6561bf28d520154e4b0ec72be95418abe6d9363",
                "reference": "f6561bf28d520154e4b0ec72be95418abe6d9363",
                "shasum": ""
            },
            "require": {
                "php": ">=5.3.0"
            },
            "type": "library",
            "extra": {
                "branch-alias": {
                    "dev-master": "1.0.x-dev"
                }
            },
            "autoload": {
                "psr-4": {
                    "Psr\\Http\\Message\\": "src/"
                }
            },
            "notification-url": "https://packagist.org/downloads/",
            "license": [
                "MIT"
            ],
            "authors": [
                {
                    "name": "PHP-FIG",
                    "homepage": "http://www.php-fig.org/"
                }
            ],
            "description": "Common interface for HTTP messages",
            "homepage": "https://github.com/php-fig/http-message",
            "keywords": [
                "http",
                "http-message",
                "psr",
                "psr-7",
                "request",
                "response"
            ],
            "time": "2016-08-06T14:39:51+00:00"
        },
        {
            "name": "slim/slim",
            "version": "3.9.2",
            "source": {
                "type": "git",
                "url": "https://github.com/slimphp/Slim.git",
                "reference": "4086d0106cf5a7135c69fce4161fe355a8feb118"
            },
            "dist": {
                "type": "zip",
                "url": "https://api.github.com/repos/slimphp/Slim/zipball/4086d0106cf5a7135c69fce4161fe355a8feb118",
                "reference": "4086d0106cf5a7135c69fce4161fe355a8feb118",
                "shasum": ""
            },
            "require": {
                "container-interop/container-interop": "^1.2",
                "nikic/fast-route": "^1.0",
                "php": ">=5.5.0",
                "pimple/pimple": "^3.0",
                "psr/container": "^1.0",
                "psr/http-message": "^1.0"
            },
            "provide": {
                "psr/http-message-implementation": "1.0"
            },
            "require-dev": {
                "phpunit/phpunit": "^4.0",
                "squizlabs/php_codesniffer": "^2.5"
            },
            "type": "library",
            "autoload": {
                "psr-4": {
                    "Slim\\": "Slim"
                }
            },
            "notification-url": "https://packagist.org/downloads/",
            "license": [
                "MIT"
            ],
            "authors": [
                {
                    "name": "Rob Allen",
                    "email": "rob@akrabat.com",
                    "homepage": "http://akrabat.com"
                },
                {
                    "name": "Josh Lockhart",
                    "email": "hello@joshlockhart.com",
                    "homepage": "https://joshlockhart.com"
                },
                {
                    "name": "Gabriel Manricks",
                    "email": "gmanricks@me.com",
                    "homepage": "http://gabrielmanricks.com"
                },
                {
                    "name": "Andrew Smith",
                    "email": "a.smith@silentworks.co.uk",
                    "homepage": "http://silentworks.co.uk"
                }
            ],
            "description": "Slim is a PHP micro framework that helps you quickly write simple yet powerful web applications and APIs",
            "homepage": "https://slimframework.com",
            "keywords": [
                "api",
                "framework",
                "micro",
                "router"
            ],
            "time": "2017-11-26T19:13:09+00:00"
        },
        {
            "name": "slim/twig-view",
            "version": "2.2.0",
            "source": {
                "type": "git",
                "url": "https://github.com/slimphp/Twig-View.git",
                "reference": "a743ac45e2a089942159dda499c5ef5bc5f6bfa6"
            },
            "dist": {
                "type": "zip",
                "url": "https://api.github.com/repos/slimphp/Twig-View/zipball/a743ac45e2a089942159dda499c5ef5bc5f6bfa6",
                "reference": "a743ac45e2a089942159dda499c5ef5bc5f6bfa6",
                "shasum": ""
            },
            "require": {
                "php": ">=5.5.0",
                "psr/http-message": "^1.0",
                "twig/twig": "^1.18|^2.0"
            },
            "require-dev": {
                "phpunit/phpunit": "^4.8|^5.7"
            },
            "type": "library",
            "autoload": {
                "psr-4": {
                    "Slim\\Views\\": "src"
                }
            },
            "notification-url": "https://packagist.org/downloads/",
            "license": [
                "MIT"
            ],
            "authors": [
                {
                    "name": "Josh Lockhart",
                    "email": "hello@joshlockhart.com",
                    "homepage": "http://joshlockhart.com"
                }
            ],
            "description": "Slim Framework 3 view helper built on top of the Twig 2 templating component",
            "homepage": "http://slimframework.com",
            "keywords": [
                "framework",
                "slim",
                "template",
                "twig",
                "view"
            ],
            "time": "2017-01-25T20:38:39+00:00"
        },
        {
            "name": "symfony/polyfill-mbstring",
            "version": "v1.7.0",
            "source": {
                "type": "git",
                "url": "https://github.com/symfony/polyfill-mbstring.git",
                "reference": "78be803ce01e55d3491c1397cf1c64beb9c1b63b"
            },
            "dist": {
                "type": "zip",
                "url": "https://api.github.com/repos/symfony/polyfill-mbstring/zipball/78be803ce01e55d3491c1397cf1c64beb9c1b63b",
                "reference": "78be803ce01e55d3491c1397cf1c64beb9c1b63b",
                "shasum": ""
            },
            "require": {
                "php": ">=5.3.3"
            },
            "suggest": {
                "ext-mbstring": "For best performance"
            },
            "type": "library",
            "extra": {
                "branch-alias": {
                    "dev-master": "1.7-dev"
                }
            },
            "autoload": {
                "psr-4": {
                    "Symfony\\Polyfill\\Mbstring\\": ""
                },
                "files": [
                    "bootstrap.php"
                ]
            },
            "notification-url": "https://packagist.org/downloads/",
            "license": [
                "MIT"
            ],
            "authors": [
                {
                    "name": "Nicolas Grekas",
                    "email": "p@tchwork.com"
                },
                {
                    "name": "Symfony Community",
                    "homepage": "https://symfony.com/contributors"
                }
            ],
            "description": "Symfony polyfill for the Mbstring extension",
            "homepage": "https://symfony.com",
            "keywords": [
                "compatibility",
                "mbstring",
                "polyfill",
                "portable",
                "shim"
            ],
            "time": "2018-01-30T19:27:44+00:00"
        },
        {
            "name": "twig/twig",
            "version": "v2.4.8",
            "source": {
                "type": "git",
                "url": "https://github.com/twigphp/Twig.git",
                "reference": "7b604c89da162034bdf4bb66310f358d313dd16d"
            },
            "dist": {
                "type": "zip",
                "url": "https://api.github.com/repos/twigphp/Twig/zipball/7b604c89da162034bdf4bb66310f358d313dd16d",
                "reference": "7b604c89da162034bdf4bb66310f358d313dd16d",
                "shasum": ""
            },
            "require": {
                "php": "^7.0",
                "symfony/polyfill-mbstring": "~1.0"
            },
            "require-dev": {
                "psr/container": "^1.0",
                "symfony/debug": "^2.7",
                "symfony/phpunit-bridge": "^3.3"
            },
            "type": "library",
            "extra": {
                "branch-alias": {
                    "dev-master": "2.4-dev"
                }
            },
            "autoload": {
                "psr-0": {
                    "Twig_": "lib/"
                },
                "psr-4": {
                    "Twig\\": "src/"
                }
            },
            "notification-url": "https://packagist.org/downloads/",
            "license": [
                "BSD-3-Clause"
            ],
            "authors": [
                {
                    "name": "Fabien Potencier",
                    "email": "fabien@symfony.com",
                    "homepage": "http://fabien.potencier.org",
                    "role": "Lead Developer"
                },
                {
                    "name": "Armin Ronacher",
                    "email": "armin.ronacher@active-4.com",
                    "role": "Project Founder"
                },
                {
                    "name": "Twig Team",
                    "homepage": "http://twig.sensiolabs.org/contributors",
                    "role": "Contributors"
                }
            ],
            "description": "Twig, the flexible, fast, and secure template language for PHP",
            "homepage": "http://twig.sensiolabs.org",
            "keywords": [
                "templating"
            ],
            "time": "2018-04-02T09:24:19+00:00"
        }
    ],
    "packages-dev": [
        {
            "name": "chadicus/coding-standard",
            "version": "v1.3.2",
            "source": {
                "type": "git",
                "url": "https://github.com/chadicus/coding-standard.git",
                "reference": "edf6d214804d2f2c170ec0c876860ce09b37e807"
            },
            "dist": {
                "type": "zip",
                "url": "https://api.github.com/repos/chadicus/coding-standard/zipball/edf6d214804d2f2c170ec0c876860ce09b37e807",
                "reference": "edf6d214804d2f2c170ec0c876860ce09b37e807",
                "shasum": ""
            },
            "require": {
                "squizlabs/php_codesniffer": "^2.0"
            },
            "type": "library",
            "notification-url": "https://packagist.org/downloads/",
            "license": [
                "MIT"
            ],
            "authors": [
                {
                    "name": "Chad Gray",
                    "email": "chadwickgray@gmail.com",
                    "role": "Developer"
                }
            ],
            "description": "Chadicus Coding standard",
            "keywords": [
                "coding",
                "phpcs",
                "standard"
            ],
            "time": "2017-11-15T16:59:35+00:00"
        },
        {
            "name": "squizlabs/php_codesniffer",
            "version": "2.9.1",
            "source": {
                "type": "git",
                "url": "https://github.com/squizlabs/PHP_CodeSniffer.git",
                "reference": "dcbed1074f8244661eecddfc2a675430d8d33f62"
            },
            "dist": {
                "type": "zip",
                "url": "https://api.github.com/repos/squizlabs/PHP_CodeSniffer/zipball/dcbed1074f8244661eecddfc2a675430d8d33f62",
                "reference": "dcbed1074f8244661eecddfc2a675430d8d33f62",
                "shasum": ""
            },
            "require": {
                "ext-simplexml": "*",
                "ext-tokenizer": "*",
                "ext-xmlwriter": "*",
                "php": ">=5.1.2"
            },
            "require-dev": {
                "phpunit/phpunit": "~4.0"
            },
            "bin": [
                "scripts/phpcs",
                "scripts/phpcbf"
            ],
            "type": "library",
            "extra": {
                "branch-alias": {
                    "dev-master": "2.x-dev"
                }
            },
            "autoload": {
                "classmap": [
                    "CodeSniffer.php",
                    "CodeSniffer/CLI.php",
                    "CodeSniffer/Exception.php",
                    "CodeSniffer/File.php",
                    "CodeSniffer/Fixer.php",
                    "CodeSniffer/Report.php",
                    "CodeSniffer/Reporting.php",
                    "CodeSniffer/Sniff.php",
                    "CodeSniffer/Tokens.php",
                    "CodeSniffer/Reports/",
                    "CodeSniffer/Tokenizers/",
                    "CodeSniffer/DocGenerators/",
                    "CodeSniffer/Standards/AbstractPatternSniff.php",
                    "CodeSniffer/Standards/AbstractScopeSniff.php",
                    "CodeSniffer/Standards/AbstractVariableSniff.php",
                    "CodeSniffer/Standards/IncorrectPatternException.php",
                    "CodeSniffer/Standards/Generic/Sniffs/",
                    "CodeSniffer/Standards/MySource/Sniffs/",
                    "CodeSniffer/Standards/PEAR/Sniffs/",
                    "CodeSniffer/Standards/PSR1/Sniffs/",
                    "CodeSniffer/Standards/PSR2/Sniffs/",
                    "CodeSniffer/Standards/Squiz/Sniffs/",
                    "CodeSniffer/Standards/Zend/Sniffs/"
                ]
            },
            "notification-url": "https://packagist.org/downloads/",
            "license": [
                "BSD-3-Clause"
            ],
            "authors": [
                {
                    "name": "Greg Sherwood",
                    "role": "lead"
                }
            ],
            "description": "PHP_CodeSniffer tokenizes PHP, JavaScript and CSS files and detects violations of a defined set of coding standards.",
            "homepage": "http://www.squizlabs.com/php-codesniffer",
            "keywords": [
                "phpcs",
                "standards"
            ],
            "time": "2017-05-22T02:43:20+00:00"
        }
    ],
    "aliases": [],
    "minimum-stability": "stable",
    "stability-flags": [],
    "prefer-stable": false,
    "prefer-lowest": false,
    "platform": {
        "php": "^7.0",
        "ext-xsl": "*"
    },
    "platform-dev": []
}
